// !$*UTF8*$!
{
	archiveVersion = 1;
	classes = {
	};
	objectVersion = 55;
	objects = {

/* Begin PBXBuildFile section */
		3D329E782872D75A00BC5824 /* CharacterCell.swift in Sources */ = {isa = PBXBuildFile; fileRef = 3D329E762872D75A00BC5824 /* CharacterCell.swift */; };
		3D329E792872D75A00BC5824 /* CharacterCell.xib in Resources */ = {isa = PBXBuildFile; fileRef = 3D329E772872D75A00BC5824 /* CharacterCell.xib */; };
		3D329E7B2872D79D00BC5824 /* DetailVC.swift in Sources */ = {isa = PBXBuildFile; fileRef = 3D329E7A2872D79D00BC5824 /* DetailVC.swift */; };
		3D329E7D2872E22900BC5824 /* NetworkManager.swift in Sources */ = {isa = PBXBuildFile; fileRef = 3D329E7C2872E22900BC5824 /* NetworkManager.swift */; };
		3D329E7F2873604000BC5824 /* EndPoint.swift in Sources */ = {isa = PBXBuildFile; fileRef = 3D329E7E2873604000BC5824 /* EndPoint.swift */; };
		3D329E812873631C00BC5824 /* Character.swift in Sources */ = {isa = PBXBuildFile; fileRef = 3D329E802873631C00BC5824 /* Character.swift */; };
		3D329E832873642200BC5824 /* Response.swift in Sources */ = {isa = PBXBuildFile; fileRef = 3D329E822873642200BC5824 /* Response.swift */; };
		3D4EC0612875B83900AF0B04 /* CoreDataManager.swift in Sources */ = {isa = PBXBuildFile; fileRef = 3D4EC0602875B83900AF0B04 /* CoreDataManager.swift */; };
		3D5B624D2874D5A100F4291B /* CharacterListViewModel.swift in Sources */ = {isa = PBXBuildFile; fileRef = 3D5B624C2874D5A100F4291B /* CharacterListViewModel.swift */; };
		3D5B624F2874D85D00F4291B /* CharacterViewModel.swift in Sources */ = {isa = PBXBuildFile; fileRef = 3D5B624E2874D85D00F4291B /* CharacterViewModel.swift */; };
		3D5B62522874D9B200F4291B /* Image+Extension.swift in Sources */ = {isa = PBXBuildFile; fileRef = 3D5B62512874D9B200F4291B /* Image+Extension.swift */; };
		3D5B62542874E55900F4291B /* IBDesignables.swift in Sources */ = {isa = PBXBuildFile; fileRef = 3D5B62532874E55900F4291B /* IBDesignables.swift */; };
		3D5B62562874FB0300F4291B /* Episode.swift in Sources */ = {isa = PBXBuildFile; fileRef = 3D5B62552874FB0300F4291B /* Episode.swift */; };
		3DA44D4B2872CE5D00FF1167 /* AppDelegate.swift in Sources */ = {isa = PBXBuildFile; fileRef = 3DA44D4A2872CE5D00FF1167 /* AppDelegate.swift */; };
		3DA44D4D2872CE5D00FF1167 /* SceneDelegate.swift in Sources */ = {isa = PBXBuildFile; fileRef = 3DA44D4C2872CE5D00FF1167 /* SceneDelegate.swift */; };
		3DA44D4F2872CE5D00FF1167 /* HomeVC.swift in Sources */ = {isa = PBXBuildFile; fileRef = 3DA44D4E2872CE5D00FF1167 /* HomeVC.swift */; };
		3DA44D522872CE5D00FF1167 /* Main.storyboard in Resources */ = {isa = PBXBuildFile; fileRef = 3DA44D502872CE5D00FF1167 /* Main.storyboard */; };
		3DA44D552872CE5D00FF1167 /* RickNMorty.xcdatamodeld in Sources */ = {isa = PBXBuildFile; fileRef = 3DA44D532872CE5D00FF1167 /* RickNMorty.xcdatamodeld */; };
		3DA44D572872CE5F00FF1167 /* Assets.xcassets in Resources */ = {isa = PBXBuildFile; fileRef = 3DA44D562872CE5F00FF1167 /* Assets.xcassets */; };
		3DA44D5A2872CE5F00FF1167 /* LaunchScreen.storyboard in Resources */ = {isa = PBXBuildFile; fileRef = 3DA44D582872CE5F00FF1167 /* LaunchScreen.storyboard */; };
		7820DA343AF748486FA72BA5 /* Pods_RickNMorty.framework in Frameworks */ = {isa = PBXBuildFile; fileRef = F6DBF4CF0F96C9D4FAD44D66 /* Pods_RickNMorty.framework */; };
/* End PBXBuildFile section */

/* Begin PBXFileReference section */
		08222CB6A66C8CF28DEF08E2 /* Pods-RickNMorty.debug.xcconfig */ = {isa = PBXFileReference; includeInIndex = 1; lastKnownFileType = text.xcconfig; name = "Pods-RickNMorty.debug.xcconfig"; path = "Target Support Files/Pods-RickNMorty/Pods-RickNMorty.debug.xcconfig"; sourceTree = "<group>"; };
		3D329E762872D75A00BC5824 /* CharacterCell.swift */ = {isa = PBXFileReference; lastKnownFileType = sourcecode.swift; path = CharacterCell.swift; sourceTree = "<group>"; };
		3D329E772872D75A00BC5824 /* CharacterCell.xib */ = {isa = PBXFileReference; lastKnownFileType = file.xib; path = CharacterCell.xib; sourceTree = "<group>"; };
		3D329E7A2872D79D00BC5824 /* DetailVC.swift */ = {isa = PBXFileReference; lastKnownFileType = sourcecode.swift; path = DetailVC.swift; sourceTree = "<group>"; };
		3D329E7C2872E22900BC5824 /* NetworkManager.swift */ = {isa = PBXFileReference; lastKnownFileType = sourcecode.swift; path = NetworkManager.swift; sourceTree = "<group>"; };
		3D329E7E2873604000BC5824 /* EndPoint.swift */ = {isa = PBXFileReference; lastKnownFileType = sourcecode.swift; path = EndPoint.swift; sourceTree = "<group>"; };
		3D329E802873631C00BC5824 /* Character.swift */ = {isa = PBXFileReference; lastKnownFileType = sourcecode.swift; path = Character.swift; sourceTree = "<group>"; };
		3D329E822873642200BC5824 /* Response.swift */ = {isa = PBXFileReference; lastKnownFileType = sourcecode.swift; path = Response.swift; sourceTree = "<group>"; };
		3D4EC0602875B83900AF0B04 /* CoreDataManager.swift */ = {isa = PBXFileReference; lastKnownFileType = sourcecode.swift; path = CoreDataManager.swift; sourceTree = "<group>"; };
		3D5B624C2874D5A100F4291B /* CharacterListViewModel.swift */ = {isa = PBXFileReference; lastKnownFileType = sourcecode.swift; path = CharacterListViewModel.swift; sourceTree = "<group>"; };
		3D5B624E2874D85D00F4291B /* CharacterViewModel.swift */ = {isa = PBXFileReference; lastKnownFileType = sourcecode.swift; path = CharacterViewModel.swift; sourceTree = "<group>"; };
		3D5B62512874D9B200F4291B /* Image+Extension.swift */ = {isa = PBXFileReference; lastKnownFileType = sourcecode.swift; path = "Image+Extension.swift"; sourceTree = "<group>"; };
		3D5B62532874E55900F4291B /* IBDesignables.swift */ = {isa = PBXFileReference; lastKnownFileType = sourcecode.swift; path = IBDesignables.swift; sourceTree = "<group>"; };
		3D5B62552874FB0300F4291B /* Episode.swift */ = {isa = PBXFileReference; lastKnownFileType = sourcecode.swift; path = Episode.swift; sourceTree = "<group>"; };
		3DA44D472872CE5D00FF1167 /* RickNMorty.app */ = {isa = PBXFileReference; explicitFileType = wrapper.application; includeInIndex = 0; path = RickNMorty.app; sourceTree = BUILT_PRODUCTS_DIR; };
		3DA44D4A2872CE5D00FF1167 /* AppDelegate.swift */ = {isa = PBXFileReference; lastKnownFileType = sourcecode.swift; path = AppDelegate.swift; sourceTree = "<group>"; };
		3DA44D4C2872CE5D00FF1167 /* SceneDelegate.swift */ = {isa = PBXFileReference; lastKnownFileType = sourcecode.swift; path = SceneDelegate.swift; sourceTree = "<group>"; };
		3DA44D4E2872CE5D00FF1167 /* HomeVC.swift */ = {isa = PBXFileReference; lastKnownFileType = sourcecode.swift; path = HomeVC.swift; sourceTree = "<group>"; };
		3DA44D512872CE5D00FF1167 /* Base */ = {isa = PBXFileReference; lastKnownFileType = file.storyboard; name = Base; path = Base.lproj/Main.storyboard; sourceTree = "<group>"; };
		3DA44D542872CE5D00FF1167 /* RickNMorty.xcdatamodel */ = {isa = PBXFileReference; lastKnownFileType = wrapper.xcdatamodel; path = RickNMorty.xcdatamodel; sourceTree = "<group>"; };
		3DA44D562872CE5F00FF1167 /* Assets.xcassets */ = {isa = PBXFileReference; lastKnownFileType = folder.assetcatalog; path = Assets.xcassets; sourceTree = "<group>"; };
		3DA44D592872CE5F00FF1167 /* Base */ = {isa = PBXFileReference; lastKnownFileType = file.storyboard; name = Base; path = Base.lproj/LaunchScreen.storyboard; sourceTree = "<group>"; };
		3DA44D5B2872CE5F00FF1167 /* Info.plist */ = {isa = PBXFileReference; lastKnownFileType = text.plist.xml; path = Info.plist; sourceTree = "<group>"; };
		55071203A07A5BB1716C53B6 /* Pods-RickNMorty.release.xcconfig */ = {isa = PBXFileReference; includeInIndex = 1; lastKnownFileType = text.xcconfig; name = "Pods-RickNMorty.release.xcconfig"; path = "Target Support Files/Pods-RickNMorty/Pods-RickNMorty.release.xcconfig"; sourceTree = "<group>"; };
		F6DBF4CF0F96C9D4FAD44D66 /* Pods_RickNMorty.framework */ = {isa = PBXFileReference; explicitFileType = wrapper.framework; includeInIndex = 0; path = Pods_RickNMorty.framework; sourceTree = BUILT_PRODUCTS_DIR; };
/* End PBXFileReference section */

/* Begin PBXFrameworksBuildPhase section */
		3DA44D442872CE5D00FF1167 /* Frameworks */ = {
			isa = PBXFrameworksBuildPhase;
			buildActionMask = 2147483647;
			files = (
				7820DA343AF748486FA72BA5 /* Pods_RickNMorty.framework in Frameworks */,
			);
			runOnlyForDeploymentPostprocessing = 0;
		};
/* End PBXFrameworksBuildPhase section */

/* Begin PBXGroup section */
		016C8B819724624077A3A79B /* Pods */ = {
			isa = PBXGroup;
			children = (
				08222CB6A66C8CF28DEF08E2 /* Pods-RickNMorty.debug.xcconfig */,
				55071203A07A5BB1716C53B6 /* Pods-RickNMorty.release.xcconfig */,
			);
			path = Pods;
			sourceTree = "<group>";
		};
		2084DAF0D9952434EB7F5471 /* Frameworks */ = {
			isa = PBXGroup;
			children = (
				F6DBF4CF0F96C9D4FAD44D66 /* Pods_RickNMorty.framework */,
			);
			name = Frameworks;
			sourceTree = "<group>";
		};
		3D329E732872D6A400BC5824 /* CollectionViewCell */ = {
			isa = PBXGroup;
			children = (
				3D329E762872D75A00BC5824 /* CharacterCell.swift */,
				3D329E772872D75A00BC5824 /* CharacterCell.xib */,
			);
			path = CollectionViewCell;
			sourceTree = "<group>";
		};
		3D5B62502874D9A300F4291B /* Extensions */ = {
			isa = PBXGroup;
			children = (
				3D5B62512874D9B200F4291B /* Image+Extension.swift */,
				3D5B62532874E55900F4291B /* IBDesignables.swift */,
			);
			path = Extensions;
			sourceTree = "<group>";
		};
		3D9DCF3328759F7F004190AA /* Cells */ = {
			isa = PBXGroup;
			children = (
				3D329E732872D6A400BC5824 /* CollectionViewCell */,
			);
			path = Cells;
			sourceTree = "<group>";
		};
		3DA44D3E2872CE5D00FF1167 = {
			isa = PBXGroup;
			children = (
				3DA44D492872CE5D00FF1167 /* RickNMorty */,
				3DA44D482872CE5D00FF1167 /* Products */,
				016C8B819724624077A3A79B /* Pods */,
				2084DAF0D9952434EB7F5471 /* Frameworks */,
			);
			sourceTree = "<group>";
		};
		3DA44D482872CE5D00FF1167 /* Products */ = {
			isa = PBXGroup;
			children = (
				3DA44D472872CE5D00FF1167 /* RickNMorty.app */,
			);
			name = Products;
			sourceTree = "<group>";
		};
		3DA44D492872CE5D00FF1167 /* RickNMorty */ = {
			isa = PBXGroup;
			children = (
				3DA44D612872CE8D00FF1167 /* App */,
				3DA44D652872CEB300FF1167 /* Service */,
				3DA44D682872D0A300FF1167 /* Model */,
				3DA44D692872D0A800FF1167 /* ViewModel */,
				3DA44D642872CEA400FF1167 /* View */,
				3D5B62502874D9A300F4291B /* Extensions */,
				3DA44D632872CE9D00FF1167 /* Resources */,
			);
			path = RickNMorty;
			sourceTree = "<group>";
		};
		3DA44D612872CE8D00FF1167 /* App */ = {
			isa = PBXGroup;
			children = (
				3DA44D4A2872CE5D00FF1167 /* AppDelegate.swift */,
				3DA44D4C2872CE5D00FF1167 /* SceneDelegate.swift */,
			);
			path = App;
			sourceTree = "<group>";
		};
		3DA44D622872CE9400FF1167 /* Controllers */ = {
			isa = PBXGroup;
			children = (
				3DA44D4E2872CE5D00FF1167 /* HomeVC.swift */,
				3D329E7A2872D79D00BC5824 /* DetailVC.swift */,
			);
			path = Controllers;
			sourceTree = "<group>";
		};
		3DA44D632872CE9D00FF1167 /* Resources */ = {
			isa = PBXGroup;
			children = (
				3DA44D562872CE5F00FF1167 /* Assets.xcassets */,
				3DA44D5B2872CE5F00FF1167 /* Info.plist */,
			);
			path = Resources;
			sourceTree = "<group>";
		};
		3DA44D642872CEA400FF1167 /* View */ = {
			isa = PBXGroup;
			children = (
				3DA44D502872CE5D00FF1167 /* Main.storyboard */,
				3DA44D582872CE5F00FF1167 /* LaunchScreen.storyboard */,
				3DA44D622872CE9400FF1167 /* Controllers */,
				3D9DCF3328759F7F004190AA /* Cells */,
			);
			path = View;
			sourceTree = "<group>";
		};
		3DA44D652872CEB300FF1167 /* Service */ = {
			isa = PBXGroup;
			children = (
				3DA44D672872CEC600FF1167 /* CoreData */,
				3DA44D662872CEBC00FF1167 /* Network */,
			);
			path = Service;
			sourceTree = "<group>";
		};
		3DA44D662872CEBC00FF1167 /* Network */ = {
			isa = PBXGroup;
			children = (
				3D329E7C2872E22900BC5824 /* NetworkManager.swift */,
				3D329E7E2873604000BC5824 /* EndPoint.swift */,
			);
			path = Network;
			sourceTree = "<group>";
		};
		3DA44D672872CEC600FF1167 /* CoreData */ = {
			isa = PBXGroup;
			children = (
				3D4EC0602875B83900AF0B04 /* CoreDataManager.swift */,
				3DA44D532872CE5D00FF1167 /* RickNMorty.xcdatamodeld */,
			);
			path = CoreData;
			sourceTree = "<group>";
		};
		3DA44D682872D0A300FF1167 /* Model */ = {
			isa = PBXGroup;
			children = (
				3D329E822873642200BC5824 /* Response.swift */,
				3D329E802873631C00BC5824 /* Character.swift */,
				3D5B62552874FB0300F4291B /* Episode.swift */,
			);
			path = Model;
			sourceTree = "<group>";
		};
		3DA44D692872D0A800FF1167 /* ViewModel */ = {
			isa = PBXGroup;
			children = (
				3D5B624C2874D5A100F4291B /* CharacterListViewModel.swift */,
				3D5B624E2874D85D00F4291B /* CharacterViewModel.swift */,
			);
			path = ViewModel;
			sourceTree = "<group>";
		};
/* End PBXGroup section */

/* Begin PBXNativeTarget section */
		3DA44D462872CE5D00FF1167 /* RickNMorty */ = {
			isa = PBXNativeTarget;
			buildConfigurationList = 3DA44D5E2872CE5F00FF1167 /* Build configuration list for PBXNativeTarget "RickNMorty" */;
			buildPhases = (
				A3E50288A8035B8BD0353609 /* [CP] Check Pods Manifest.lock */,
				3DA44D432872CE5D00FF1167 /* Sources */,
				3DA44D442872CE5D00FF1167 /* Frameworks */,
				3DA44D452872CE5D00FF1167 /* Resources */,
				743E10B53F3D2CDE8FB62D6F /* [CP] Embed Pods Frameworks */,
			);
			buildRules = (
			);
			dependencies = (
			);
			name = RickNMorty;
			productName = RickNMorty;
			productReference = 3DA44D472872CE5D00FF1167 /* RickNMorty.app */;
			productType = "com.apple.product-type.application";
		};
/* End PBXNativeTarget section */

/* Begin PBXProject section */
		3DA44D3F2872CE5D00FF1167 /* Project object */ = {
			isa = PBXProject;
			attributes = {
				BuildIndependentTargetsInParallel = 1;
				LastSwiftUpdateCheck = 1340;
				LastUpgradeCheck = 1340;
				TargetAttributes = {
					3DA44D462872CE5D00FF1167 = {
						CreatedOnToolsVersion = 13.4.1;
					};
				};
			};
			buildConfigurationList = 3DA44D422872CE5D00FF1167 /* Build configuration list for PBXProject "RickNMorty" */;
			compatibilityVersion = "Xcode 13.0";
			developmentRegion = en;
			hasScannedForEncodings = 0;
			knownRegions = (
				en,
				Base,
			);
			mainGroup = 3DA44D3E2872CE5D00FF1167;
			productRefGroup = 3DA44D482872CE5D00FF1167 /* Products */;
			projectDirPath = "";
			projectRoot = "";
			targets = (
				3DA44D462872CE5D00FF1167 /* RickNMorty */,
			);
		};
/* End PBXProject section */

/* Begin PBXResourcesBuildPhase section */
		3DA44D452872CE5D00FF1167 /* Resources */ = {
			isa = PBXResourcesBuildPhase;
			buildActionMask = 2147483647;
			files = (
				3DA44D5A2872CE5F00FF1167 /* LaunchScreen.storyboard in Resources */,
				3DA44D572872CE5F00FF1167 /* Assets.xcassets in Resources */,
				3DA44D522872CE5D00FF1167 /* Main.storyboard in Resources */,
				3D329E792872D75A00BC5824 /* CharacterCell.xib in Resources */,
			);
			runOnlyForDeploymentPostprocessing = 0;
		};
/* End PBXResourcesBuildPhase section */

/* Begin PBXShellScriptBuildPhase section */
		743E10B53F3D2CDE8FB62D6F /* [CP] Embed Pods Frameworks */ = {
			isa = PBXShellScriptBuildPhase;
			buildActionMask = 2147483647;
			files = (
			);
			inputFileListPaths = (
				"${PODS_ROOT}/Target Support Files/Pods-RickNMorty/Pods-RickNMorty-frameworks-${CONFIGURATION}-input-files.xcfilelist",
			);
			name = "[CP] Embed Pods Frameworks";
			outputFileListPaths = (
				"${PODS_ROOT}/Target Support Files/Pods-RickNMorty/Pods-RickNMorty-frameworks-${CONFIGURATION}-output-files.xcfilelist",
			);
			runOnlyForDeploymentPostprocessing = 0;
			shellPath = /bin/sh;
			shellScript = "\"${PODS_ROOT}/Target Support Files/Pods-RickNMorty/Pods-RickNMorty-frameworks.sh\"\n";
			showEnvVarsInLog = 0;
		};
		A3E50288A8035B8BD0353609 /* [CP] Check Pods Manifest.lock */ = {
			isa = PBXShellScriptBuildPhase;
			buildActionMask = 2147483647;
			files = (
			);
			inputFileListPaths = (
			);
			inputPaths = (
				"${PODS_PODFILE_DIR_PATH}/Podfile.lock",
				"${PODS_ROOT}/Manifest.lock",
			);
			name = "[CP] Check Pods Manifest.lock";
			outputFileListPaths = (
			);
			outputPaths = (
				"$(DERIVED_FILE_DIR)/Pods-RickNMorty-checkManifestLockResult.txt",
			);
			runOnlyForDeploymentPostprocessing = 0;
			shellPath = /bin/sh;
			shellScript = "diff \"${PODS_PODFILE_DIR_PATH}/Podfile.lock\" \"${PODS_ROOT}/Manifest.lock\" > /dev/null\nif [ $? != 0 ] ; then\n    # print error to STDERR\n    echo \"error: The sandbox is not in sync with the Podfile.lock. Run 'pod install' or update your CocoaPods installation.\" >&2\n    exit 1\nfi\n# This output is used by Xcode 'outputs' to avoid re-running this script phase.\necho \"SUCCESS\" > \"${SCRIPT_OUTPUT_FILE_0}\"\n";
			showEnvVarsInLog = 0;
		};
/* End PBXShellScriptBuildPhase section */

/* Begin PBXSourcesBuildPhase section */
		3DA44D432872CE5D00FF1167 /* Sources */ = {
			isa = PBXSourcesBuildPhase;
			buildActionMask = 2147483647;
			files = (
				3D329E812873631C00BC5824 /* Character.swift in Sources */,
				3D5B624D2874D5A100F4291B /* CharacterListViewModel.swift in Sources */,
				3D329E782872D75A00BC5824 /* CharacterCell.swift in Sources */,
				3D5B62542874E55900F4291B /* IBDesignables.swift in Sources */,
				3DA44D4F2872CE5D00FF1167 /* HomeVC.swift in Sources */,
				3D5B624F2874D85D00F4291B /* CharacterViewModel.swift in Sources */,
				3D329E7F2873604000BC5824 /* EndPoint.swift in Sources */,
				3D329E832873642200BC5824 /* Response.swift in Sources */,
				3D5B62522874D9B200F4291B /* Image+Extension.swift in Sources */,
				3DA44D552872CE5D00FF1167 /* RickNMorty.xcdatamodeld in Sources */,
				3D329E7D2872E22900BC5824 /* NetworkManager.swift in Sources */,
				3DA44D4B2872CE5D00FF1167 /* AppDelegate.swift in Sources */,
				3DA44D4D2872CE5D00FF1167 /* SceneDelegate.swift in Sources */,
				3D5B62562874FB0300F4291B /* Episode.swift in Sources */,
				3D4EC0612875B83900AF0B04 /* CoreDataManager.swift in Sources */,
				3D329E7B2872D79D00BC5824 /* DetailVC.swift in Sources */,
			);
			runOnlyForDeploymentPostprocessing = 0;
		};
/* End PBXSourcesBuildPhase section */

/* Begin PBXVariantGroup section */
		3DA44D502872CE5D00FF1167 /* Main.storyboard */ = {
			isa = PBXVariantGroup;
			children = (
				3DA44D512872CE5D00FF1167 /* Base */,
			);
			name = Main.storyboard;
			sourceTree = "<group>";
		};
		3DA44D582872CE5F00FF1167 /* LaunchScreen.storyboard */ = {
			isa = PBXVariantGroup;
			children = (
				3DA44D592872CE5F00FF1167 /* Base */,
			);
			name = LaunchScreen.storyboard;
			sourceTree = "<group>";
		};
/* End PBXVariantGroup section */

/* Begin XCBuildConfiguration section */
		3DA44D5C2872CE5F00FF1167 /* Debug */ = {
			isa = XCBuildConfiguration;
			buildSettings = {
				ALWAYS_SEARCH_USER_PATHS = NO;
				CLANG_ANALYZER_NONNULL = YES;
				CLANG_ANALYZER_NUMBER_OBJECT_CONVERSION = YES_AGGRESSIVE;
				CLANG_CXX_LANGUAGE_STANDARD = "gnu++17";
				CLANG_ENABLE_MODULES = YES;
				CLANG_ENABLE_OBJC_ARC = YES;
				CLANG_ENABLE_OBJC_WEAK = YES;
				CLANG_WARN_BLOCK_CAPTURE_AUTORELEASING = YES;
				CLANG_WARN_BOOL_CONVERSION = YES;
				CLANG_WARN_COMMA = YES;
				CLANG_WARN_CONSTANT_CONVERSION = YES;
				CLANG_WARN_DEPRECATED_OBJC_IMPLEMENTATIONS = YES;
				CLANG_WARN_DIRECT_OBJC_ISA_USAGE = YES_ERROR;
				CLANG_WARN_DOCUMENTATION_COMMENTS = YES;
				CLANG_WARN_EMPTY_BODY = YES;
				CLANG_WARN_ENUM_CONVERSION = YES;
				CLANG_WARN_INFINITE_RECURSION = YES;
				CLANG_WARN_INT_CONVERSION = YES;
				CLANG_WARN_NON_LITERAL_NULL_CONVERSION = YES;
				CLANG_WARN_OBJC_IMPLICIT_RETAIN_SELF = YES;
				CLANG_WARN_OBJC_LITERAL_CONVERSION = YES;
				CLANG_WARN_OBJC_ROOT_CLASS = YES_ERROR;
				CLANG_WARN_QUOTED_INCLUDE_IN_FRAMEWORK_HEADER = YES;
				CLANG_WARN_RANGE_LOOP_ANALYSIS = YES;
				CLANG_WARN_STRICT_PROTOTYPES = YES;
				CLANG_WARN_SUSPICIOUS_MOVE = YES;
				CLANG_WARN_UNGUARDED_AVAILABILITY = YES_AGGRESSIVE;
				CLANG_WARN_UNREACHABLE_CODE = YES;
				CLANG_WARN__DUPLICATE_METHOD_MATCH = YES;
				COPY_PHASE_STRIP = NO;
				DEBUG_INFORMATION_FORMAT = dwarf;
				ENABLE_STRICT_OBJC_MSGSEND = YES;
				ENABLE_TESTABILITY = YES;
				GCC_C_LANGUAGE_STANDARD = gnu11;
				GCC_DYNAMIC_NO_PIC = NO;
				GCC_NO_COMMON_BLOCKS = YES;
				GCC_OPTIMIZATION_LEVEL = 0;
				GCC_PREPROCESSOR_DEFINITIONS = (
					"DEBUG=1",
					"$(inherited)",
				);
				GCC_WARN_64_TO_32_BIT_CONVERSION = YES;
				GCC_WARN_ABOUT_RETURN_TYPE = YES_ERROR;
				GCC_WARN_UNDECLARED_SELECTOR = YES;
				GCC_WARN_UNINITIALIZED_AUTOS = YES_AGGRESSIVE;
				GCC_WARN_UNUSED_FUNCTION = YES;
				GCC_WARN_UNUSED_VARIABLE = YES;
				IPHONEOS_DEPLOYMENT_TARGET = 15.5;
				MTL_ENABLE_DEBUG_INFO = INCLUDE_SOURCE;
				MTL_FAST_MATH = YES;
				ONLY_ACTIVE_ARCH = YES;
				SDKROOT = iphoneos;
				SWIFT_ACTIVE_COMPILATION_CONDITIONS = DEBUG;
				SWIFT_OPTIMIZATION_LEVEL = "-Onone";
			};
			name = Debug;
		};
		3DA44D5D2872CE5F00FF1167 /* Release */ = {
			isa = XCBuildConfiguration;
			buildSettings = {
				ALWAYS_SEARCH_USER_PATHS = NO;
				CLANG_ANALYZER_NONNULL = YES;
				CLANG_ANALYZER_NUMBER_OBJECT_CONVERSION = YES_AGGRESSIVE;
				CLANG_CXX_LANGUAGE_STANDARD = "gnu++17";
				CLANG_ENABLE_MODULES = YES;
				CLANG_ENABLE_OBJC_ARC = YES;
				CLANG_ENABLE_OBJC_WEAK = YES;
				CLANG_WARN_BLOCK_CAPTURE_AUTORELEASING = YES;
				CLANG_WARN_BOOL_CONVERSION = YES;
				CLANG_WARN_COMMA = YES;
				CLANG_WARN_CONSTANT_CONVERSION = YES;
				CLANG_WARN_DEPRECATED_OBJC_IMPLEMENTATIONS = YES;
				CLANG_WARN_DIRECT_OBJC_ISA_USAGE = YES_ERROR;
				CLANG_WARN_DOCUMENTATION_COMMENTS = YES;
				CLANG_WARN_EMPTY_BODY = YES;
				CLANG_WARN_ENUM_CONVERSION = YES;
				CLANG_WARN_INFINITE_RECURSION = YES;
				CLANG_WARN_INT_CONVERSION = YES;
				CLANG_WARN_NON_LITERAL_NULL_CONVERSION = YES;
				CLANG_WARN_OBJC_IMPLICIT_RETAIN_SELF = YES;
				CLANG_WARN_OBJC_LITERAL_CONVERSION = YES;
				CLANG_WARN_OBJC_ROOT_CLASS = YES_ERROR;
				CLANG_WARN_QUOTED_INCLUDE_IN_FRAMEWORK_HEADER = YES;
				CLANG_WARN_RANGE_LOOP_ANALYSIS = YES;
				CLANG_WARN_STRICT_PROTOTYPES = YES;
				CLANG_WARN_SUSPICIOUS_MOVE = YES;
				CLANG_WARN_UNGUARDED_AVAILABILITY = YES_AGGRESSIVE;
				CLANG_WARN_UNREACHABLE_CODE = YES;
				CLANG_WARN__DUPLICATE_METHOD_MATCH = YES;
				COPY_PHASE_STRIP = NO;
				DEBUG_INFORMATION_FORMAT = "dwarf-with-dsym";
				ENABLE_NS_ASSERTIONS = NO;
				ENABLE_STRICT_OBJC_MSGSEND = YES;
				GCC_C_LANGUAGE_STANDARD = gnu11;
				GCC_NO_COMMON_BLOCKS = YES;
				GCC_WARN_64_TO_32_BIT_CONVERSION = YES;
				GCC_WARN_ABOUT_RETURN_TYPE = YES_ERROR;
				GCC_WARN_UNDECLARED_SELECTOR = YES;
				GCC_WARN_UNINITIALIZED_AUTOS = YES_AGGRESSIVE;
				GCC_WARN_UNUSED_FUNCTION = YES;
				GCC_WARN_UNUSED_VARIABLE = YES;
				IPHONEOS_DEPLOYMENT_TARGET = 15.5;
				MTL_ENABLE_DEBUG_INFO = NO;
				MTL_FAST_MATH = YES;
				SDKROOT = iphoneos;
				SWIFT_COMPILATION_MODE = wholemodule;
				SWIFT_OPTIMIZATION_LEVEL = "-O";
				VALIDATE_PRODUCT = YES;
			};
			name = Release;
		};
		3DA44D5F2872CE5F00FF1167 /* Debug */ = {
			isa = XCBuildConfiguration;
			baseConfigurationReference = 08222CB6A66C8CF28DEF08E2 /* Pods-RickNMorty.debug.xcconfig */;
			buildSettings = {
				ASSETCATALOG_COMPILER_APPICON_NAME = AppIcon;
				ASSETCATALOG_COMPILER_GLOBAL_ACCENT_COLOR_NAME = AccentColor;
				CODE_SIGN_STYLE = Automatic;
				CURRENT_PROJECT_VERSION = 1;
				DEVELOPMENT_TEAM = AWRMXDZRF7;
				GENERATE_INFOPLIST_FILE = YES;
				INFOPLIST_FILE = RickNMorty/Resources/Info.plist;
				INFOPLIST_KEY_UIApplicationSupportsIndirectInputEvents = YES;
				INFOPLIST_KEY_UILaunchStoryboardName = LaunchScreen;
				INFOPLIST_KEY_UIMainStoryboardFile = Main;
				INFOPLIST_KEY_UISupportedInterfaceOrientations_iPad = "UIInterfaceOrientationPortrait UIInterfaceOrientationPortraitUpsideDown UIInterfaceOrientationLandscapeLeft UIInterfaceOrientationLandscapeRight";
				INFOPLIST_KEY_UISupportedInterfaceOrientations_iPhone = "UIInterfaceOrientationPortrait UIInterfaceOrientationLandscapeLeft UIInterfaceOrientationLandscapeRight";
				LD_RUNPATH_SEARCH_PATHS = (
					"$(inherited)",
					"@executable_path/Frameworks",
				);
				MARKETING_VERSION = 1.0;
				PRODUCT_BUNDLE_IDENTIFIER = com.FatihGursoy.RickNMorty;
				PRODUCT_NAME = "$(TARGET_NAME)";
				SWIFT_EMIT_LOC_STRINGS = YES;
				SWIFT_VERSION = 5.0;
				TARGETED_DEVICE_FAMILY = "1,2";
			};
			name = Debug;
		};
		3DA44D602872CE5F00FF1167 /* Release */ = {
			isa = XCBuildConfiguration;
			baseConfigurationReference = 55071203A07A5BB1716C53B6 /* Pods-RickNMorty.release.xcconfig */;
			buildSettings = {
				ASSETCATALOG_COMPILER_APPICON_NAME = AppIcon;
				ASSETCATALOG_COMPILER_GLOBAL_ACCENT_COLOR_NAME = AccentColor;
				CODE_SIGN_STYLE = Automatic;
				CURRENT_PROJECT_VERSION = 1;
				DEVELOPMENT_TEAM = AWRMXDZRF7;
				GENERATE_INFOPLIST_FILE = YES;
				INFOPLIST_FILE = RickNMorty/Resources/Info.plist;
				INFOPLIST_KEY_UIApplicationSupportsIndirectInputEvents = YES;
				INFOPLIST_KEY_UILaunchStoryboardName = LaunchScreen;
				INFOPLIST_KEY_UIMainStoryboardFile = Main;
				INFOPLIST_KEY_UISupportedInterfaceOrientations_iPad = "UIInterfaceOrientationPortrait UIInterfaceOrientationPortraitUpsideDown UIInterfaceOrientationLandscapeLeft UIInterfaceOrientationLandscapeRight";
				INFOPLIST_KEY_UISupportedInterfaceOrientations_iPhone = "UIInterfaceOrientationPortrait UIInterfaceOrientationLandscapeLeft UIInterfaceOrientationLandscapeRight";
				LD_RUNPATH_SEARCH_PATHS = (
					"$(inherited)",
					"@executable_path/Frameworks",
				);
				MARKETING_VERSION = 1.0;
				PRODUCT_BUNDLE_IDENTIFIER = com.FatihGursoy.RickNMorty;
				PRODUCT_NAME = "$(TARGET_NAME)";
				SWIFT_EMIT_LOC_STRINGS = YES;
				SWIFT_VERSION = 5.0;
				TARGETED_DEVICE_FAMILY = "1,2";
			};
			name = Release;
		};
/* End XCBuildConfiguration section */

/* Begin XCConfigurationList section */
		3DA44D422872CE5D00FF1167 /* Build configuration list for PBXProject "RickNMorty" */ = {
			isa = XCConfigurationList;
			buildConfigurations = (
				3DA44D5C2872CE5F00FF1167 /* Debug */,
				3DA44D5D2872CE5F00FF1167 /* Release */,
			);
			defaultConfigurationIsVisible = 0;
			defaultConfigurationName = Release;
		};
		3DA44D5E2872CE5F00FF1167 /* Build configuration list for PBXNativeTarget "RickNMorty" */ = {
			isa = XCConfigurationList;
			buildConfigurations = (
				3DA44D5F2872CE5F00FF1167 /* Debug */,
				3DA44D602872CE5F00FF1167 /* Release */,
			);
			defaultConfigurationIsVisible = 0;
			defaultConfigurationName = Release;
		};
/* End XCConfigurationList section */

/* Begin XCVersionGroup section */
		3DA44D532872CE5D00FF1167 /* RickNMorty.xcdatamodeld */ = {
			isa = XCVersionGroup;
			children = (
				3DA44D542872CE5D00FF1167 /* RickNMorty.xcdatamodel */,
			);
			currentVersion = 3DA44D542872CE5D00FF1167 /* RickNMorty.xcdatamodel */;
			path = RickNMorty.xcdatamodeld;
			sourceTree = "<group>";
			versionGroupType = wrapper.xcdatamodel;
		};
/* End XCVersionGroup section */
	};
	rootObject = 3DA44D3F2872CE5D00FF1167 /* Project object */;
}
